<?xml version="1.0" encoding="utf-8"?>
<Project ToolsVersion="4.0" xmlns="http://schemas.microsoft.com/developer/msbuild/2003">
  <ItemGroup>
    <Filter Include="Source Files">
      <UniqueIdentifier>{4FC737F1-C7A5-4376-A066-2A32D752A2FF}</UniqueIdentifier>
      <Extensions>cpp;c;cc;cxx;def;odl;idl;hpj;bat;asm;asmx</Extensions>
    </Filter>
    <Filter Include="Header Files">
      <UniqueIdentifier>{93995380-89BD-4b04-88EB-625FBE52EBFB}</UniqueIdentifier>
      <Extensions>h;hpp;hxx;hm;inl;inc;xsd</Extensions>
    </Filter>
    <Filter Include="Resource Files">
      <UniqueIdentifier>{67DA6AB6-F800-4c08-8B7A-83BB121AAD01}</UniqueIdentifier>
      <Extensions>rc;ico;cur;bmp;dlg;rc2;rct;bin;rgs;gif;jpg;jpeg;jpe;resx;tiff;tif;png;wav;mfcribbon-ms</Extensions>
    </Filter>
    <Filter Include="Header Files\3rdParty">
      <UniqueIdentifier>{c1e90cd5-07d0-4470-a97d-6507505df9cd}</UniqueIdentifier>
    </Filter>
    <Filter Include="Source Files\3rdParty">
      <UniqueIdentifier>{cac0bf4d-7dac-4788-99c5-fddce16b4251}</UniqueIdentifier>
    </Filter>
  </ItemGroup>
  <ItemGroup>
    <ClInclude Include="..\inc\nuiTimer.h">
      <Filter>Header Files</Filter>
    </ClInclude>
    <ClInclude Include="..\inc\nuiProperty.h">
      <Filter>Header Files</Filter>
    </ClInclude>
    <ClInclude Include="..\inc\nuiDebugLogger.h">
      <Filter>Header Files</Filter>
    </ClInclude>
    <ClInclude Include="..\inc\nuiDefines.h">
      <Filter>Header Files</Filter>
    </ClInclude>
    <ClInclude Include="..\inc\nuiDataGenericContainer.h">
      <Filter>Header Files</Filter>
    </ClInclude>
    <ClInclude Include="..\inc\nuiThread.h">
      <Filter>Header Files</Filter>
    </ClInclude>
    <ClInclude Include="..\inc\nuiFileSystem.hpp">
      <Filter>Header Files</Filter>
    </ClInclude>
    <ClInclude Include="..\inc\nuiAudioData.h">
      <Filter>Header Files</Filter>
    </ClInclude>
    <ClInclude Include="..\inc\tinyxml.h">
      <Filter>Header Files\3rdParty</Filter>
    </ClInclude>
    <ClInclude Include="..\inc\ofxXmlSettings.h">
      <Filter>Header Files\3rdParty</Filter>
    </ClInclude>
    <ClInclude Include="..\inc\nuiUtils.h">
      <Filter>Header Files</Filter>
    </ClInclude>
    <ClInclude Include="..\inc\nuiTree.h">
      <Filter>Header Files</Filter>
    </ClInclude>
  </ItemGroup>
  <ItemGroup>
    <ClCompile Include="..\src\nuiTimer.cpp">
      <Filter>Source Files</Filter>
    </ClCompile>
    <ClCompile Include="..\src\nuiProperty.cpp">
      <Filter>Source Files</Filter>
    </ClCompile>
    <ClCompile Include="..\src\nuiDebugLogger.cpp">
      <Filter>Source Files</Filter>
    </ClCompile>
    <ClCompile Include="..\src\nuiDefines.cpp">
      <Filter>Source Files</Filter>
    </ClCompile>
    <ClCompile Include="..\src\nuiDataGenericContainer.cpp">
      <Filter>Source Files</Filter>
    </ClCompile>
    <ClCompile Include="..\src\nuiThread.cpp">
      <Filter>Source Files</Filter>
    </ClCompile>
    <ClCompile Include="..\src\nuiUtils.cpp">
      <Filter>Source Files</Filter>
    </ClCompile>
    <ClCompile Include="..\src\nuiFileSystem.cpp">
      <Filter>Source Files</Filter>
    </ClCompile>
    <ClCompile Include="..\src\tinyxml.cpp">
      <Filter>Source Files\3rdParty</Filter>
    </ClCompile>
    <ClCompile Include="..\src\tinyxmlerror.cpp">
      <Filter>Source Files\3rdParty</Filter>
    </ClCompile>
    <ClCompile Include="..\src\tinyxmlparser.cpp">
      <Filter>Source Files\3rdParty</Filter>
    </ClCompile>
    <ClCompile Include="..\src\ofxXmlSettings.cpp">
      <Filter>Source Files\3rdParty</Filter>
    </ClCompile>
  </ItemGroup>
</Project>