
Microsoft Visual Studio Solution File, Format Version 11.00
# Visual Studio 2010
Project("{FAE04EC0-301F-11D3-BF4B-00C04F79EFBC}") = "NuiApiWrapper", "NuiApiWrapper\NuiApiWrapper.csproj", "{1BC9E504-3731-49F2-AED3-390984486F6D}"
EndProject
Project("{FAE04EC0-301F-11D3-BF4B-00C04F79EFBC}") = "WrapperTest", "WrapperTest\WrapperTest.csproj", "{F163C767-C71A-4394-A792-1454C3163AEE}"
EndProject
Project("{2150E333-8FDC-42A3-9474-1A3956D46DE8}") = "Solution Items", "Solution Items", "{CA64160D-B718-4B83-B3BC-5AA826DB05F6}"
EndProject
Project("{FAE04EC0-301F-11D3-BF4B-00C04F79EFBC}") = "Jayrock", "..\Jayrock\Jayrock\Jayrock.csproj", "{A178A4BB-CE12-4BF3-8B17-6DF0D82120C8}"
EndProject
Project("{FAE04EC0-301F-11D3-BF4B-00C04F79EFBC}") = "Jayrock.Json", "..\Jayrock\Jayrock.Json\Jayrock.Json.csproj", "{F10A6A7D-B8E4-4F8B-8BD9-5B42ACE5520E}"
EndProject
Project("{FAE04EC0-301F-11D3-BF4B-00C04F79EFBC}") = "Jayrock.Sandbox", "..\Jayrock\Jayrock.Sandbox\Jayrock.Sandbox.csproj", "{405B6AFF-52D4-4326-84F8-814FBF89AA12}"
EndProject
Global
	GlobalSection(SolutionConfigurationPlatforms) = preSolution
		Debug|Any CPU = Debug|Any CPU
		Debug|Mixed Platforms = Debug|Mixed Platforms
		Debug|x86 = Debug|x86
		Release|Any CPU = Release|Any CPU
		Release|Mixed Platforms = Release|Mixed Platforms
		Release|x86 = Release|x86
	EndGlobalSection
	GlobalSection(ProjectConfigurationPlatforms) = postSolution
		{1BC9E504-3731-49F2-AED3-390984486F6D}.Debug|Any CPU.ActiveCfg = Debug|Any CPU
		{1BC9E504-3731-49F2-AED3-390984486F6D}.Debug|Any CPU.Build.0 = Debug|Any CPU
		{1BC9E504-3731-49F2-AED3-390984486F6D}.Debug|Mixed Platforms.ActiveCfg = Debug|Any CPU
		{1BC9E504-3731-49F2-AED3-390984486F6D}.Debug|Mixed Platforms.Build.0 = Debug|Any CPU
		{1BC9E504-3731-49F2-AED3-390984486F6D}.Debug|x86.ActiveCfg = Debug|Any CPU
		{1BC9E504-3731-49F2-AED3-390984486F6D}.Release|Any CPU.ActiveCfg = Release|Any CPU
		{1BC9E504-3731-49F2-AED3-390984486F6D}.Release|Any CPU.Build.0 = Release|Any CPU
		{1BC9E504-3731-49F2-AED3-390984486F6D}.Release|Mixed Platforms.ActiveCfg = Release|Any CPU
		{1BC9E504-3731-49F2-AED3-390984486F6D}.Release|Mixed Platforms.Build.0 = Release|Any CPU
		{1BC9E504-3731-49F2-AED3-390984486F6D}.Release|x86.ActiveCfg = Release|Any CPU
		{F163C767-C71A-4394-A792-1454C3163AEE}.Debug|Any CPU.ActiveCfg = Debug|x86
		{F163C767-C71A-4394-A792-1454C3163AEE}.Debug|Mixed Platforms.ActiveCfg = Debug|x86
		{F163C767-C71A-4394-A792-1454C3163AEE}.Debug|Mixed Platforms.Build.0 = Debug|x86
		{F163C767-C71A-4394-A792-1454C3163AEE}.Debug|x86.ActiveCfg = Debug|x86
		{F163C767-C71A-4394-A792-1454C3163AEE}.Debug|x86.Build.0 = Debug|x86
		{F163C767-C71A-4394-A792-1454C3163AEE}.Release|Any CPU.ActiveCfg = Release|x86
		{F163C767-C71A-4394-A792-1454C3163AEE}.Release|Mixed Platforms.ActiveCfg = Release|x86
		{F163C767-C71A-4394-A792-1454C3163AEE}.Release|Mixed Platforms.Build.0 = Release|x86
		{F163C767-C71A-4394-A792-1454C3163AEE}.Release|x86.ActiveCfg = Release|x86
		{F163C767-C71A-4394-A792-1454C3163AEE}.Release|x86.Build.0 = Release|x86
		{A178A4BB-CE12-4BF3-8B17-6DF0D82120C8}.Debug|Any CPU.ActiveCfg = Debug|Any CPU
		{A178A4BB-CE12-4BF3-8B17-6DF0D82120C8}.Debug|Any CPU.Build.0 = Debug|Any CPU
		{A178A4BB-CE12-4BF3-8B17-6DF0D82120C8}.Debug|Mixed Platforms.ActiveCfg = Debug|Any CPU
		{A178A4BB-CE12-4BF3-8B17-6DF0D82120C8}.Debug|Mixed Platforms.Build.0 = Debug|Any CPU
		{A178A4BB-CE12-4BF3-8B17-6DF0D82120C8}.Debug|x86.ActiveCfg = Debug|Any CPU
		{A178A4BB-CE12-4BF3-8B17-6DF0D82120C8}.Release|Any CPU.ActiveCfg = Release|Any CPU
		{A178A4BB-CE12-4BF3-8B17-6DF0D82120C8}.Release|Any CPU.Build.0 = Release|Any CPU
		{A178A4BB-CE12-4BF3-8B17-6DF0D82120C8}.Release|Mixed Platforms.ActiveCfg = Release|Any CPU
		{A178A4BB-CE12-4BF3-8B17-6DF0D82120C8}.Release|Mixed Platforms.Build.0 = Release|Any CPU
		{A178A4BB-CE12-4BF3-8B17-6DF0D82120C8}.Release|x86.ActiveCfg = Release|Any CPU
		{F10A6A7D-B8E4-4F8B-8BD9-5B42ACE5520E}.Debug|Any CPU.ActiveCfg = Debug|Any CPU
		{F10A6A7D-B8E4-4F8B-8BD9-5B42ACE5520E}.Debug|Any CPU.Build.0 = Debug|Any CPU
		{F10A6A7D-B8E4-4F8B-8BD9-5B42ACE5520E}.Debug|Mixed Platforms.ActiveCfg = Debug|Any CPU
		{F10A6A7D-B8E4-4F8B-8BD9-5B42ACE5520E}.Debug|Mixed Platforms.Build.0 = Debug|Any CPU
		{F10A6A7D-B8E4-4F8B-8BD9-5B42ACE5520E}.Debug|x86.ActiveCfg = Debug|Any CPU
		{F10A6A7D-B8E4-4F8B-8BD9-5B42ACE5520E}.Release|Any CPU.ActiveCfg = Release|Any CPU
		{F10A6A7D-B8E4-4F8B-8BD9-5B42ACE5520E}.Release|Any CPU.Build.0 = Release|Any CPU
		{F10A6A7D-B8E4-4F8B-8BD9-5B42ACE5520E}.Release|Mixed Platforms.ActiveCfg = Release|Any CPU
		{F10A6A7D-B8E4-4F8B-8BD9-5B42ACE5520E}.Release|Mixed Platforms.Build.0 = Release|Any CPU
		{F10A6A7D-B8E4-4F8B-8BD9-5B42ACE5520E}.Release|x86.ActiveCfg = Release|Any CPU
		{405B6AFF-52D4-4326-84F8-814FBF89AA12}.Debug|Any CPU.ActiveCfg = Debug|Any CPU
		{405B6AFF-52D4-4326-84F8-814FBF89AA12}.Debug|Any CPU.Build.0 = Debug|Any CPU
		{405B6AFF-52D4-4326-84F8-814FBF89AA12}.Debug|Mixed Platforms.ActiveCfg = Debug|Any CPU
		{405B6AFF-52D4-4326-84F8-814FBF89AA12}.Debug|Mixed Platforms.Build.0 = Debug|Any CPU
		{405B6AFF-52D4-4326-84F8-814FBF89AA12}.Debug|x86.ActiveCfg = Debug|Any CPU
		{405B6AFF-52D4-4326-84F8-814FBF89AA12}.Release|Any CPU.ActiveCfg = Release|Any CPU
		{405B6AFF-52D4-4326-84F8-814FBF89AA12}.Release|Any CPU.Build.0 = Release|Any CPU
		{405B6AFF-52D4-4326-84F8-814FBF89AA12}.Release|Mixed Platforms.ActiveCfg = Release|Any CPU
		{405B6AFF-52D4-4326-84F8-814FBF89AA12}.Release|Mixed Platforms.Build.0 = Release|Any CPU
		{405B6AFF-52D4-4326-84F8-814FBF89AA12}.Release|x86.ActiveCfg = Release|Any CPU
	EndGlobalSection
	GlobalSection(SolutionProperties) = preSolution
		HideSolutionNode = FALSE
	EndGlobalSection
EndGlobal
