<?xml version="1.0" encoding="utf-8"?>
<Project ToolsVersion="4.0" xmlns="http://schemas.microsoft.com/developer/msbuild/2003">
  <ItemGroup>
    <ClCompile Include="..\src\nuiDaemon.cpp" />
    <ClCompile Include="..\src\nuiDynamicLibrary.cpp" />
    <ClCompile Include="..\src\nuiFactory.cpp" />
    <ClCompile Include="..\src\nuiFrameworkManager.cpp" />
    <ClCompile Include="..\src\nuiPipeline.cpp" />
    <ClCompile Include="..\src\nuiPluginEntity.cpp" />
    <ClCompile Include="..\src\nuiPluginManager.cpp" />
    <ClCompile Include="..\src\nuiJsonRpcApi.cpp" />
  </ItemGroup>
  <ItemGroup>
    <ClInclude Include="..\inc\nuiDaemon.h" />
    <ClInclude Include="..\inc\nuiDynamicLibrary.h" />
    <ClInclude Include="..\inc\nuiFactory.h" />
    <ClInclude Include="..\inc\nuiFramework.h" />
    <ClInclude Include="..\inc\nuiFrameworkManager.h" />
    <ClInclude Include="..\inc\nuiPipeline.h" />
    <ClInclude Include="..\inc\nuiPluginEntity.h" />
    <ClInclude Include="..\inc\nuiPluginManager.h" />
    <ClInclude Include="..\inc\nuiStaticServices.h" />
    <ClInclude Include="..\inc\nuiJsonRpcApi.h" />
  </ItemGroup>
</Project>